Microsoft Visual Studio Solution File, Format Version 8.00
Project("{8BC9CEB8-8B4A-11D0-8D11-00A0C91BC942}") = "karmalib", "karmalib\karmalib.vcproj", "{2CF5B63F-48E4-4635-B856-02843F099CFC}"
	ProjectSection(ProjectDependencies) = postProject
	EndProjectSection
EndProject
Project("{8BC9CEB8-8B4A-11D0-8D11-00A0C91BC942}") = "player", "player\player.vcproj", "{D1CB0234-92C0-4E1D-AFA7-D3FF59F29534}"
	ProjectSection(ProjectDependencies) = postProject
	EndProjectSection
EndProject
Project("{8BC9CEB8-8B4A-11D0-8D11-00A0C91BC942}") = "midi2qm", "midi2qm\midi2qm.vcproj", "{232DBE65-5713-419E-8886-436187406F65}"
	ProjectSection(ProjectDependencies) = postProject
	EndProjectSection
EndProject
Project("{8BC9CEB8-8B4A-11D0-8D11-00A0C91BC942}") = "vstplugin", "vstplugin\vstplugin.vcproj", "{9B021F13-9B3A-458B-8A43-19263E4F853F}"
	ProjectSection(ProjectDependencies) = postProject
	EndProjectSection
EndProject
Global
	GlobalSection(SolutionConfiguration) = preSolution
		Debug = Debug
		Release = Release
	EndGlobalSection
	GlobalSection(ProjectConfiguration) = postSolution
		{2CF5B63F-48E4-4635-B856-02843F099CFC}.Debug.ActiveCfg = Debug|Win32
		{2CF5B63F-48E4-4635-B856-02843F099CFC}.Debug.Build.0 = Debug|Win32
		{2CF5B63F-48E4-4635-B856-02843F099CFC}.Release.ActiveCfg = Release|Win32
		{2CF5B63F-48E4-4635-B856-02843F099CFC}.Release.Build.0 = Release|Win32
		{D1CB0234-92C0-4E1D-AFA7-D3FF59F29534}.Debug.ActiveCfg = Debug|Win32
		{D1CB0234-92C0-4E1D-AFA7-D3FF59F29534}.Debug.Build.0 = Debug|Win32
		{D1CB0234-92C0-4E1D-AFA7-D3FF59F29534}.Release.ActiveCfg = Release|Win32
		{D1CB0234-92C0-4E1D-AFA7-D3FF59F29534}.Release.Build.0 = Release|Win32
		{232DBE65-5713-419E-8886-436187406F65}.Debug.ActiveCfg = Debug|Win32
		{232DBE65-5713-419E-8886-436187406F65}.Debug.Build.0 = Debug|Win32
		{232DBE65-5713-419E-8886-436187406F65}.Release.ActiveCfg = Release|Win32
		{232DBE65-5713-419E-8886-436187406F65}.Release.Build.0 = Release|Win32
		{9B021F13-9B3A-458B-8A43-19263E4F853F}.Debug.ActiveCfg = Debug|Win32
		{9B021F13-9B3A-458B-8A43-19263E4F853F}.Debug.Build.0 = Debug|Win32
		{9B021F13-9B3A-458B-8A43-19263E4F853F}.Release.ActiveCfg = Release|Win32
		{9B021F13-9B3A-458B-8A43-19263E4F853F}.Release.Build.0 = Release|Win32
	EndGlobalSection
	GlobalSection(ExtensibilityGlobals) = postSolution
	EndGlobalSection
	GlobalSection(ExtensibilityAddIns) = postSolution
	EndGlobalSection
EndGlobal
